// !$*UTF8*$!
{
	archiveVersion = 1;
	classes = {
	};
	objectVersion = 50;
	objects = {

/* Begin PBXBuildFile section */
		52B853AD20E7CD6F00A14FC7 /* AppDelegate.swift in Sources */ = {isa = PBXBuildFile; fileRef = 52B853AC20E7CD6F00A14FC7 /* AppDelegate.swift */; };
		52B853B420E7CD7100A14FC7 /* Assets.xcassets in Resources */ = {isa = PBXBuildFile; fileRef = 52B853B320E7CD7100A14FC7 /* Assets.xcassets */; };
		52B853B720E7CD7100A14FC7 /* LaunchScreen.storyboard in Resources */ = {isa = PBXBuildFile; fileRef = 52B853B520E7CD7100A14FC7 /* LaunchScreen.storyboard */; };
		52B853C320E7D2C700A14FC7 /* HomeViewController.swift in Sources */ = {isa = PBXBuildFile; fileRef = 52B853C120E7D2C700A14FC7 /* HomeViewController.swift */; };
		52B853C420E7D2C700A14FC7 /* HomeViewController.xib in Resources */ = {isa = PBXBuildFile; fileRef = 52B853C220E7D2C700A14FC7 /* HomeViewController.xib */; };
		52B853C720E7D35700A14FC7 /* CustomButtonView.swift in Sources */ = {isa = PBXBuildFile; fileRef = 52B853C620E7D35700A14FC7 /* CustomButtonView.swift */; };
		52B853C920E7D43200A14FC7 /* CustomButtonView.xib in Resources */ = {isa = PBXBuildFile; fileRef = 52B853C820E7D43200A14FC7 /* CustomButtonView.xib */; };
		52BFC30F20E94156002DDB91 /* CustomButton.xib in Resources */ = {isa = PBXBuildFile; fileRef = 52BFC30E20E94156002DDB91 /* CustomButton.xib */; };
		52BFC31120E942E7002DDB91 /* CustomButton.swift in Sources */ = {isa = PBXBuildFile; fileRef = 52BFC31020E942E7002DDB91 /* CustomButton.swift */; };
		52BFC31420E957E2002DDB91 /* CustomCollectionViewCell.swift in Sources */ = {isa = PBXBuildFile; fileRef = 52BFC31220E957E2002DDB91 /* CustomCollectionViewCell.swift */; };
		52BFC31520E957E2002DDB91 /* CustomCollectionViewCell.xib in Resources */ = {isa = PBXBuildFile; fileRef = 52BFC31320E957E2002DDB91 /* CustomCollectionViewCell.xib */; };
/* End PBXBuildFile section */

/* Begin PBXFileReference section */
		52B853A920E7CD6F00A14FC7 /* Custom Component.app */ = {isa = PBXFileReference; explicitFileType = wrapper.application; includeInIndex = 0; path = "Custom Component.app"; sourceTree = BUILT_PRODUCTS_DIR; };
		52B853AC20E7CD6F00A14FC7 /* AppDelegate.swift */ = {isa = PBXFileReference; lastKnownFileType = sourcecode.swift; path = AppDelegate.swift; sourceTree = "<group>"; };
		52B853B320E7CD7100A14FC7 /* Assets.xcassets */ = {isa = PBXFileReference; lastKnownFileType = folder.assetcatalog; path = Assets.xcassets; sourceTree = "<group>"; };
		52B853B620E7CD7100A14FC7 /* Base */ = {isa = PBXFileReference; lastKnownFileType = file.storyboard; name = Base; path = Base.lproj/LaunchScreen.storyboard; sourceTree = "<group>"; };
		52B853B820E7CD7100A14FC7 /* Info.plist */ = {isa = PBXFileReference; lastKnownFileType = text.plist.xml; path = Info.plist; sourceTree = "<group>"; };
		52B853C120E7D2C700A14FC7 /* HomeViewController.swift */ = {isa = PBXFileReference; lastKnownFileType = sourcecode.swift; path = HomeViewController.swift; sourceTree = "<group>"; };
		52B853C220E7D2C700A14FC7 /* HomeViewController.xib */ = {isa = PBXFileReference; lastKnownFileType = file.xib; path = HomeViewController.xib; sourceTree = "<group>"; };
		52B853C620E7D35700A14FC7 /* CustomButtonView.swift */ = {isa = PBXFileReference; lastKnownFileType = sourcecode.swift; path = CustomButtonView.swift; sourceTree = "<group>"; };
		52B853C820E7D43200A14FC7 /* CustomButtonView.xib */ = {isa = PBXFileReference; lastKnownFileType = file.xib; path = CustomButtonView.xib; sourceTree = "<group>"; };
		52BFC30E20E94156002DDB91 /* CustomButton.xib */ = {isa = PBXFileReference; lastKnownFileType = file.xib; path = CustomButton.xib; sourceTree = "<group>"; };
		52BFC31020E942E7002DDB91 /* CustomButton.swift */ = {isa = PBXFileReference; lastKnownFileType = sourcecode.swift; path = CustomButton.swift; sourceTree = "<group>"; };
		52BFC31220E957E2002DDB91 /* CustomCollectionViewCell.swift */ = {isa = PBXFileReference; lastKnownFileType = sourcecode.swift; path = CustomCollectionViewCell.swift; sourceTree = "<group>"; };
		52BFC31320E957E2002DDB91 /* CustomCollectionViewCell.xib */ = {isa = PBXFileReference; lastKnownFileType = file.xib; path = CustomCollectionViewCell.xib; sourceTree = "<group>"; };
/* End PBXFileReference section */

/* Begin PBXFrameworksBuildPhase section */
		52B853A620E7CD6F00A14FC7 /* Frameworks */ = {
			isa = PBXFrameworksBuildPhase;
			buildActionMask = 2147483647;
			files = (
			);
			runOnlyForDeploymentPostprocessing = 0;
		};
/* End PBXFrameworksBuildPhase section */

/* Begin PBXGroup section */
		52B853A020E7CD6F00A14FC7 = {
			isa = PBXGroup;
			children = (
				52B853AB20E7CD6F00A14FC7 /* Custom Component */,
				52B853AA20E7CD6F00A14FC7 /* Products */,
			);
			sourceTree = "<group>";
		};
		52B853AA20E7CD6F00A14FC7 /* Products */ = {
			isa = PBXGroup;
			children = (
				52B853A920E7CD6F00A14FC7 /* Custom Component.app */,
			);
			name = Products;
			sourceTree = "<group>";
		};
		52B853AB20E7CD6F00A14FC7 /* Custom Component */ = {
			isa = PBXGroup;
			children = (
				52B853C520E7D32600A14FC7 /* Component */,
				52B853C020E7D2A500A14FC7 /* Home */,
				52B853AC20E7CD6F00A14FC7 /* AppDelegate.swift */,
				52B853B320E7CD7100A14FC7 /* Assets.xcassets */,
				52B853B520E7CD7100A14FC7 /* LaunchScreen.storyboard */,
				52B853B820E7CD7100A14FC7 /* Info.plist */,
			);
			path = "Custom Component";
			sourceTree = "<group>";
		};
		52B853C020E7D2A500A14FC7 /* Home */ = {
			isa = PBXGroup;
			children = (
				52B853C120E7D2C700A14FC7 /* HomeViewController.swift */,
				52B853C220E7D2C700A14FC7 /* HomeViewController.xib */,
			);
			path = Home;
			sourceTree = "<group>";
		};
		52B853C520E7D32600A14FC7 /* Component */ = {
			isa = PBXGroup;
			children = (
				52B853C620E7D35700A14FC7 /* CustomButtonView.swift */,
				52B853C820E7D43200A14FC7 /* CustomButtonView.xib */,
				52BFC30E20E94156002DDB91 /* CustomButton.xib */,
				52BFC31020E942E7002DDB91 /* CustomButton.swift */,
				52BFC31220E957E2002DDB91 /* CustomCollectionViewCell.swift */,
				52BFC31320E957E2002DDB91 /* CustomCollectionViewCell.xib */,
			);
			path = Component;
			sourceTree = "<group>";
		};
/* End PBXGroup section */

/* Begin PBXNativeTarget section */
		52B853A820E7CD6F00A14FC7 /* Custom Component */ = {
			isa = PBXNativeTarget;
			buildConfigurationList = 52B853BB20E7CD7100A14FC7 /* Build configuration list for PBXNativeTarget "Custom Component" */;
			buildPhases = (
				52B853A520E7CD6F00A14FC7 /* Sources */,
				52B853A620E7CD6F00A14FC7 /* Frameworks */,
				52B853A720E7CD6F00A14FC7 /* Resources */,
			);
			buildRules = (
			);
			dependencies = (
			);
			name = "Custom Component";
			productName = "Custom Component";
			productReference = 52B853A920E7CD6F00A14FC7 /* Custom Component.app */;
			productType = "com.apple.product-type.application";
		};
/* End PBXNativeTarget section */

/* Begin PBXProject section */
		52B853A120E7CD6F00A14FC7 /* Project object */ = {
			isa = PBXProject;
			attributes = {
				LastSwiftUpdateCheck = 0930;
				LastUpgradeCheck = 0930;
				ORGANIZATIONNAME = "Optimize 7";
				TargetAttributes = {
					52B853A820E7CD6F00A14FC7 = {
						CreatedOnToolsVersion = 9.3;
					};
				};
			};
			buildConfigurationList = 52B853A420E7CD6F00A14FC7 /* Build configuration list for PBXProject "Custom Component" */;
			compatibilityVersion = "Xcode 9.3";
			developmentRegion = en;
			hasScannedForEncodings = 0;
			knownRegions = (
				en,
				Base,
			);
			mainGroup = 52B853A020E7CD6F00A14FC7;
			productRefGroup = 52B853AA20E7CD6F00A14FC7 /* Products */;
			projectDirPath = "";
			projectRoot = "";
			targets = (
				52B853A820E7CD6F00A14FC7 /* Custom Component */,
			);
		};
/* End PBXProject section */

/* Begin PBXResourcesBuildPhase section */
		52B853A720E7CD6F00A14FC7 /* Resources */ = {
			isa = PBXResourcesBuildPhase;
			buildActionMask = 2147483647;
			files = (
				52B853B720E7CD7100A14FC7 /* LaunchScreen.storyboard in Resources */,
				52BFC31520E957E2002DDB91 /* CustomCollectionViewCell.xib in Resources */,
				52B853B420E7CD7100A14FC7 /* Assets.xcassets in Resources */,
				52B853C420E7D2C700A14FC7 /* HomeViewController.xib in Resources */,
				52BFC30F20E94156002DDB91 /* CustomButton.xib in Resources */,
				52B853C920E7D43200A14FC7 /* CustomButtonView.xib in Resources */,
			);
			runOnlyForDeploymentPostprocessing = 0;
		};
/* End PBXResourcesBuildPhase section */

/* Begin PBXSourcesBuildPhase section */
		52B853A520E7CD6F00A14FC7 /* Sources */ = {
			isa = PBXSourcesBuildPhase;
			buildActionMask = 2147483647;
			files = (
				52BFC31120E942E7002DDB91 /* CustomButton.swift in Sources */,
				52BFC31420E957E2002DDB91 /* CustomCollectionViewCell.swift in Sources */,
				52B853C720E7D35700A14FC7 /* CustomButtonView.swift in Sources */,
				52B853AD20E7CD6F00A14FC7 /* AppDelegate.swift in Sources */,
				52B853C320E7D2C700A14FC7 /* HomeViewController.swift in Sources */,
			);
			runOnlyForDeploymentPostprocessing = 0;
		};
/* End PBXSourcesBuildPhase section */

/* Begin PBXVariantGroup section */
		52B853B520E7CD7100A14FC7 /* LaunchScreen.storyboard */ = {
			isa = PBXVariantGroup;
			children = (
				52B853B620E7CD7100A14FC7 /* Base */,
			);
			name = LaunchScreen.storyboard;
			sourceTree = "<group>";
		};
/* End PBXVariantGroup section */

/* Begin XCBuildConfiguration section */
		52B853B920E7CD7100A14FC7 /* Debug */ = {
			isa = XCBuildConfiguration;
			buildSettings = {
				ALWAYS_SEARCH_USER_PATHS = NO;
				CLANG_ANALYZER_NONNULL = YES;
				CLANG_ANALYZER_NUMBER_OBJECT_CONVERSION = YES_AGGRESSIVE;
				CLANG_CXX_LANGUAGE_STANDARD = "gnu++14";
				CLANG_CXX_LIBRARY = "libc++";
				CLANG_ENABLE_MODULES = YES;
				CLANG_ENABLE_OBJC_ARC = YES;
				CLANG_ENABLE_OBJC_WEAK = YES;
				CLANG_WARN_BLOCK_CAPTURE_AUTORELEASING = YES;
				CLANG_WARN_BOOL_CONVERSION = YES;
				CLANG_WARN_COMMA = YES;
				CLANG_WARN_CONSTANT_CONVERSION = YES;
				CLANG_WARN_DEPRECATED_OBJC_IMPLEMENTATIONS = YES;
				CLANG_WARN_DIRECT_OBJC_ISA_USAGE = YES_ERROR;
				CLANG_WARN_DOCUMENTATION_COMMENTS = YES;
				CLANG_WARN_EMPTY_BODY = YES;
				CLANG_WARN_ENUM_CONVERSION = YES;
				CLANG_WARN_INFINITE_RECURSION = YES;
				CLANG_WARN_INT_CONVERSION = YES;
				CLANG_WARN_NON_LITERAL_NULL_CONVERSION = YES;
				CLANG_WARN_OBJC_IMPLICIT_RETAIN_SELF = YES;
				CLANG_WARN_OBJC_LITERAL_CONVERSION = YES;
				CLANG_WARN_OBJC_ROOT_CLASS = YES_ERROR;
				CLANG_WARN_RANGE_LOOP_ANALYSIS = YES;
				CLANG_WARN_STRICT_PROTOTYPES = YES;
				CLANG_WARN_SUSPICIOUS_MOVE = YES;
				CLANG_WARN_UNGUARDED_AVAILABILITY = YES_AGGRESSIVE;
				CLANG_WARN_UNREACHABLE_CODE = YES;
				CLANG_WARN__DUPLICATE_METHOD_MATCH = YES;
				CODE_SIGN_IDENTITY = "iPhone Developer";
				COPY_PHASE_STRIP = NO;
				DEBUG_INFORMATION_FORMAT = dwarf;
				ENABLE_STRICT_OBJC_MSGSEND = YES;
				ENABLE_TESTABILITY = YES;
				GCC_C_LANGUAGE_STANDARD = gnu11;
				GCC_DYNAMIC_NO_PIC = NO;
				GCC_NO_COMMON_BLOCKS = YES;
				GCC_OPTIMIZATION_LEVEL = 0;
				GCC_PREPROCESSOR_DEFINITIONS = (
					"DEBUG=1",
					"$(inherited)",
				);
				GCC_WARN_64_TO_32_BIT_CONVERSION = YES;
				GCC_WARN_ABOUT_RETURN_TYPE = YES_ERROR;
				GCC_WARN_UNDECLARED_SELECTOR = YES;
				GCC_WARN_UNINITIALIZED_AUTOS = YES_AGGRESSIVE;
				GCC_WARN_UNUSED_FUNCTION = YES;
				GCC_WARN_UNUSED_VARIABLE = YES;
				IPHONEOS_DEPLOYMENT_TARGET = 11.3;
				MTL_ENABLE_DEBUG_INFO = YES;
				ONLY_ACTIVE_ARCH = YES;
				SDKROOT = iphoneos;
				SWIFT_ACTIVE_COMPILATION_CONDITIONS = DEBUG;
				SWIFT_OPTIMIZATION_LEVEL = "-Onone";
			};
			name = Debug;
		};
		52B853BA20E7CD7100A14FC7 /* Release */ = {
			isa = XCBuildConfiguration;
			buildSettings = {
				ALWAYS_SEARCH_USER_PATHS = NO;
				CLANG_ANALYZER_NONNULL = YES;
				CLANG_ANALYZER_NUMBER_OBJECT_CONVERSION = YES_AGGRESSIVE;
				CLANG_CXX_LANGUAGE_STANDARD = "gnu++14";
				CLANG_CXX_LIBRARY = "libc++";
				CLANG_ENABLE_MODULES = YES;
				CLANG_ENABLE_OBJC_ARC = YES;
				CLANG_ENABLE_OBJC_WEAK = YES;
				CLANG_WARN_BLOCK_CAPTURE_AUTORELEASING = YES;
				CLANG_WARN_BOOL_CONVERSION = YES;
				CLANG_WARN_COMMA = YES;
				CLANG_WARN_CONSTANT_CONVERSION = YES;
				CLANG_WARN_DEPRECATED_OBJC_IMPLEMENTATIONS = YES;
				CLANG_WARN_DIRECT_OBJC_ISA_USAGE = YES_ERROR;
				CLANG_WARN_DOCUMENTATION_COMMENTS = YES;
				CLANG_WARN_EMPTY_BODY = YES;
				CLANG_WARN_ENUM_CONVERSION = YES;
				CLANG_WARN_INFINITE_RECURSION = YES;
				CLANG_WARN_INT_CONVERSION = YES;
				CLANG_WARN_NON_LITERAL_NULL_CONVERSION = YES;
				CLANG_WARN_OBJC_IMPLICIT_RETAIN_SELF = YES;
				CLANG_WARN_OBJC_LITERAL_CONVERSION = YES;
				CLANG_WARN_OBJC_ROOT_CLASS = YES_ERROR;
				CLANG_WARN_RANGE_LOOP_ANALYSIS = YES;
				CLANG_WARN_STRICT_PROTOTYPES = YES;
				CLANG_WARN_SUSPICIOUS_MOVE = YES;
				CLANG_WARN_UNGUARDED_AVAILABILITY = YES_AGGRESSIVE;
				CLANG_WARN_UNREACHABLE_CODE = YES;
				CLANG_WARN__DUPLICATE_METHOD_MATCH = YES;
				CODE_SIGN_IDENTITY = "iPhone Developer";
				COPY_PHASE_STRIP = NO;
				DEBUG_INFORMATION_FORMAT = "dwarf-with-dsym";
				ENABLE_NS_ASSERTIONS = NO;
				ENABLE_STRICT_OBJC_MSGSEND = YES;
				GCC_C_LANGUAGE_STANDARD = gnu11;
				GCC_NO_COMMON_BLOCKS = YES;
				GCC_WARN_64_TO_32_BIT_CONVERSION = YES;
				GCC_WARN_ABOUT_RETURN_TYPE = YES_ERROR;
				GCC_WARN_UNDECLARED_SELECTOR = YES;
				GCC_WARN_UNINITIALIZED_AUTOS = YES_AGGRESSIVE;
				GCC_WARN_UNUSED_FUNCTION = YES;
				GCC_WARN_UNUSED_VARIABLE = YES;
				IPHONEOS_DEPLOYMENT_TARGET = 11.3;
				MTL_ENABLE_DEBUG_INFO = NO;
				SDKROOT = iphoneos;
				SWIFT_COMPILATION_MODE = wholemodule;
				SWIFT_OPTIMIZATION_LEVEL = "-O";
				VALIDATE_PRODUCT = YES;
			};
			name = Release;
		};
		52B853BC20E7CD7100A14FC7 /* Debug */ = {
			isa = XCBuildConfiguration;
			buildSettings = {
				ASSETCATALOG_COMPILER_APPICON_NAME = AppIcon;
				CODE_SIGN_STYLE = Automatic;
				DEVELOPMENT_TEAM = 4NCP4ZF9F8;
				INFOPLIST_FILE = "Custom Component/Info.plist";
				LD_RUNPATH_SEARCH_PATHS = (
					"$(inherited)",
					"@executable_path/Frameworks",
				);
				PRODUCT_BUNDLE_IDENTIFIER = "br.com.optimize7.Custom-Component";
				PRODUCT_NAME = "$(TARGET_NAME)";
				SWIFT_VERSION = 4.0;
				TARGETED_DEVICE_FAMILY = "1,2";
			};
			name = Debug;
		};
		52B853BD20E7CD7100A14FC7 /* Release */ = {
			isa = XCBuildConfiguration;
			buildSettings = {
				ASSETCATALOG_COMPILER_APPICON_NAME = AppIcon;
				CODE_SIGN_STYLE = Automatic;
				DEVELOPMENT_TEAM = 4NCP4ZF9F8;
				INFOPLIST_FILE = "Custom Component/Info.plist";
				LD_RUNPATH_SEARCH_PATHS = (
					"$(inherited)",
					"@executable_path/Frameworks",
				);
				PRODUCT_BUNDLE_IDENTIFIER = "br.com.optimize7.Custom-Component";
				PRODUCT_NAME = "$(TARGET_NAME)";
				SWIFT_VERSION = 4.0;
				TARGETED_DEVICE_FAMILY = "1,2";
			};
			name = Release;
		};
/* End XCBuildConfiguration section */

/* Begin XCConfigurationList section */
		52B853A420E7CD6F00A14FC7 /* Build configuration list for PBXProject "Custom Component" */ = {
			isa = XCConfigurationList;
			buildConfigurations = (
				52B853B920E7CD7100A14FC7 /* Debug */,
				52B853BA20E7CD7100A14FC7 /* Release */,
			);
			defaultConfigurationIsVisible = 0;
			defaultConfigurationName = Release;
		};
		52B853BB20E7CD7100A14FC7 /* Build configuration list for PBXNativeTarget "Custom Component" */ = {
			isa = XCConfigurationList;
			buildConfigurations = (
				52B853BC20E7CD7100A14FC7 /* Debug */,
				52B853BD20E7CD7100A14FC7 /* Release */,
			);
			defaultConfigurationIsVisible = 0;
			defaultConfigurationName = Release;
		};
/* End XCConfigurationList section */
	};
	rootObject = 52B853A120E7CD6F00A14FC7 /* Project object */;
}
